
Microsoft Visual Studio Solution File, Format Version 12.00
# Visual Studio 15
VisualStudioVersion = 15.0.28307.1525
MinimumVisualStudioVersion = 10.0.40219.1
Project("{F184B08F-C81C-45F6-A57F-5ABD9991F28F}") = "DataImport", "DataImport\DataImport.vbproj", "{A15AE09C-43EA-41EA-9491-AC57794190EF}"
EndProject
Project("{F184B08F-C81C-45F6-A57F-5ABD9991F28F}") = "GenRPAFile", "GenRPAFile\GenRPAFile.vbproj", "{47C78D93-A98E-4C58-9DE9-E6223D3060F7}"
EndProject
Global
	GlobalSection(SolutionConfigurationPlatforms) = preSolution
		Debug|Any CPU = Debug|Any CPU
		Release|Any CPU = Release|Any CPU
	EndGlobalSection
	GlobalSection(ProjectConfigurationPlatforms) = postSolution
		{A15AE09C-43EA-41EA-9491-AC57794190EF}.Debug|Any CPU.ActiveCfg = Debug|Any CPU
		{A15AE09C-43EA-41EA-9491-AC57794190EF}.Debug|Any CPU.Build.0 = Debug|Any CPU
		{A15AE09C-43EA-41EA-9491-AC57794190EF}.Release|Any CPU.ActiveCfg = Release|Any CPU
		{A15AE09C-43EA-41EA-9491-AC57794190EF}.Release|Any CPU.Build.0 = Release|Any CPU
		{47C78D93-A98E-4C58-9DE9-E6223D3060F7}.Debug|Any CPU.ActiveCfg = Debug|Any CPU
		{47C78D93-A98E-4C58-9DE9-E6223D3060F7}.Debug|Any CPU.Build.0 = Debug|Any CPU
		{47C78D93-A98E-4C58-9DE9-E6223D3060F7}.Release|Any CPU.ActiveCfg = Release|Any CPU
		{47C78D93-A98E-4C58-9DE9-E6223D3060F7}.Release|Any CPU.Build.0 = Release|Any CPU
	EndGlobalSection
	GlobalSection(SolutionProperties) = preSolution
		HideSolutionNode = FALSE
	EndGlobalSection
	GlobalSection(ExtensibilityGlobals) = postSolution
		SolutionGuid = {BD957F20-E41E-4920-825C-F79B187AA472}
	EndGlobalSection
EndGlobal
